
Microsoft Visual Studio Solution File, Format Version 12.00
# Visual Studio Version 16
VisualStudioVersion = 16.0.32126.315
MinimumVisualStudioVersion = 10.0.40219.1
Project("{9A19103F-16F7-4668-BE54-9A1E7A4F7556}") = "TextEditor", "TextEditor.csproj", "{12639EFE-EA2A-4ADC-9D3F-E6FD8C039E4A}"
EndProject
Global
	GlobalSection(SolutionConfigurationPlatforms) = preSolution
		Debug|Any CPU = Debug|Any CPU
		Release|Any CPU = Release|Any CPU
	EndGlobalSection
	GlobalSection(ProjectConfigurationPlatforms) = postSolution
		{12639EFE-EA2A-4ADC-9D3F-E6FD8C039E4A}.Debug|Any CPU.ActiveCfg = Debug|Any CPU
		{12639EFE-EA2A-4ADC-9D3F-E6FD8C039E4A}.Debug|Any CPU.Build.0 = Debug|Any CPU
		{12639EFE-EA2A-4ADC-9D3F-E6FD8C039E4A}.Release|Any CPU.ActiveCfg = Release|Any CPU
		{12639EFE-EA2A-4ADC-9D3F-E6FD8C039E4A}.Release|Any CPU.Build.0 = Release|Any CPU
	EndGlobalSection
	GlobalSection(SolutionProperties) = preSolution
		HideSolutionNode = FALSE
	EndGlobalSection
	GlobalSection(ExtensibilityGlobals) = postSolution
		SolutionGuid = {5BC0987C-3FEC-4426-9E1C-A6DE75DB62F3}
	EndGlobalSection
EndGlobal
